
Microsoft Visual Studio Solution File, Format Version 12.00
# Visual Studio Version 16
VisualStudioVersion = 16.0.30406.217
MinimumVisualStudioVersion = 10.0.40219.1
Project("{FAE04EC0-301F-11D3-BF4B-00C04F79EFBC}") = "OperatorsExcercise", "..\..\source\repos\OperatorsExcercise\OperatorsExcercise\OperatorsExcercise.csproj", "{487EE4F6-383F-459D-A179-9F681FA3A08A}"
EndProject
Global
	GlobalSection(SolutionConfigurationPlatforms) = preSolution
		Debug|Any CPU = Debug|Any CPU
		Release|Any CPU = Release|Any CPU
	EndGlobalSection
	GlobalSection(ProjectConfigurationPlatforms) = postSolution
		{487EE4F6-383F-459D-A179-9F681FA3A08A}.Debug|Any CPU.ActiveCfg = Debug|Any CPU
		{487EE4F6-383F-459D-A179-9F681FA3A08A}.Debug|Any CPU.Build.0 = Debug|Any CPU
		{487EE4F6-383F-459D-A179-9F681FA3A08A}.Release|Any CPU.ActiveCfg = Release|Any CPU
		{487EE4F6-383F-459D-A179-9F681FA3A08A}.Release|Any CPU.Build.0 = Release|Any CPU
	EndGlobalSection
	GlobalSection(SolutionProperties) = preSolution
		HideSolutionNode = FALSE
	EndGlobalSection
	GlobalSection(ExtensibilityGlobals) = postSolution
		SolutionGuid = {A96C22B7-3622-4DC6-9899-BB6BA3E8EB90}
	EndGlobalSection
EndGlobal
